{
  "name": "starlantern",
  "version": "1.0.0",
  "lockfileVersion": 3,
  "requires": true,
  "packages": {
    "": {
      "name": "starlantern",
      "version": "1.0.0",
      "license": "ISC",
      "dependencies": {
        "@babylonjs/core": "^6.32.1",
        "paper": "^0.12.17",
        "paperjs-offset": "^1.0.8"
      }
    },
    "node_modules/@babylonjs/core": {
      "version": "6.32.1",
      "resolved": "https://registry.npmjs.org/@babylonjs/core/-/core-6.32.1.tgz",
      "integrity": "sha512-flB5Vj0YiNzb+Nk1CHp6jSY7RZXclalrBDUj0zuZK2J/AF5xAnf0V4U/2efwAS8hLsLFU1zbQKOcrgAQOrPXMQ=="
    },
    "node_modules/paper": {
      "version": "0.12.17",
      "resolved": "https://registry.npmjs.org/paper/-/paper-0.12.17.tgz",
      "integrity": "sha512-oCe+e1C2w8hKIcGoAqUjD0GGxGPv+itrRXlEFUmp3H8tY/NTnHOkYgpJFPGw6OJ8Q1Wa6+RgzlY7Dx/2WWHtkA==",
      "engines": {
        "node": ">=8.0.0"
      }
    },
    "node_modules/paperjs-offset": {
      "version": "1.0.8",
      "resolved": "https://registry.npmjs.org/paperjs-offset/-/paperjs-offset-1.0.8.tgz",
      "integrity": "sha512-rUXMtHH4bTNVrCgDcu+x71qyGoPe+01yZtrPD7bowji4VfWiDWzl4EUdRxiZnG5ooPg7b07mk6jVx33hNSojaA==",
      "dependencies": {
        "paper": "^0.12.4"
      }
    }
  }
}
